{
  "name": "syntaxmate-golden-oracle",
  "lockfileVersion": 3,
  "requires": true,
  "packages": {
    "": {
      "name": "syntaxmate-golden-oracle",
      "dependencies": {
        "@shikijs/langs": "4.3.1",
        "@shikijs/themes": "4.3.1",
        "github-vscode-themes": "6.3.4",
        "vscode-oniguruma": "2.0.1",
        "vscode-textmate": "9.3.2"
      },
      "engines": {
        "node": ">=20"
      }
    },
    "node_modules/@shikijs/langs": {
      "version": "4.3.1",
      "resolved": "https://registry.npmjs.org/@shikijs/langs/-/langs-4.3.1.tgz",
      "integrity": "sha512-m0l9nsDqgBHvbZbk7A0/kXz/impK3uB/c6rAn6Gpg/uPtdZRQ+alsN/17MU5thb68XTj/4DxkZAotrM0GGSpDQ==",
      "license": "MIT",
      "dependencies": {
        "@shikijs/types": "4.3.1"
      },
      "engines": {
        "node": ">=20"
      }
    },
    "node_modules/@shikijs/themes": {
      "version": "4.3.1",
      "resolved": "https://registry.npmjs.org/@shikijs/themes/-/themes-4.3.1.tgz",
      "integrity": "sha512-dgpoJ4WqNi2yTmizQHBJ5zcX6j2lE6icN/0yt4l1kkf16jrY/pwPLoTb1ETsWMz0OBLf9ZNvwmxft+cH+N9qSA==",
      "license": "MIT",
      "dependencies": {
        "@shikijs/types": "4.3.1"
      },
      "engines": {
        "node": ">=20"
      }
    },
    "node_modules/@shikijs/types": {
      "version": "4.3.1",
      "resolved": "https://registry.npmjs.org/@shikijs/types/-/types-4.3.1.tgz",
      "integrity": "sha512-CHFxE0jztBIZRHH6gxXE7DXUCFXjReEGxZ/j0rfSLGKZuwp2xBYycEP14875DSa9KLL/6700oxIq6oO6ef9K2g==",
      "license": "MIT",
      "dependencies": {
        "@shikijs/vscode-textmate": "^10.0.2",
        "@types/hast": "^3.0.4"
      },
      "engines": {
        "node": ">=20"
      }
    },
    "node_modules/@shikijs/vscode-textmate": {
      "version": "10.0.2",
      "resolved": "https://registry.npmjs.org/@shikijs/vscode-textmate/-/vscode-textmate-10.0.2.tgz",
      "integrity": "sha512-83yeghZ2xxin3Nj8z1NMd/NCuca+gsYXswywDy5bHvwlWL8tpTQmzGeUuHd9FC3E/SBEMvzJRwWEOz5gGes9Qg==",
      "license": "MIT"
    },
    "node_modules/@types/hast": {
      "version": "3.0.5",
      "resolved": "https://registry.npmjs.org/@types/hast/-/hast-3.0.5.tgz",
      "integrity": "sha512-rp/ezSWaD1m44dPKICGhiskI13nVr7qTloFwDa/IYkhhf5nzwP+zIQcIJh3WIFSBOy/H1PzB40jPjMDksN4F+g==",
      "license": "MIT",
      "dependencies": {
        "@types/unist": "*"
      }
    },
    "node_modules/@types/unist": {
      "version": "3.0.3",
      "resolved": "https://registry.npmjs.org/@types/unist/-/unist-3.0.3.tgz",
      "integrity": "sha512-ko/gIFJRv177XgZsZcBwnqJN5x/Gien8qNOn0D5bQU/zAzVf9Zt3BlcUiLqhV9y4ARk0GbT3tnUiPNgnTXzc/Q==",
      "license": "MIT"
    },
    "node_modules/github-vscode-themes": {
      "version": "6.3.4",
      "resolved": "https://registry.npmjs.org/github-vscode-themes/-/github-vscode-themes-6.3.4.tgz",
      "integrity": "sha512-yd9zUf7E8PfcuJYIk38J3HArhZaVT+dixg4/3H9q8eE3Uhe4dW6iChUvV34q0qOA8bz9RR/5/wWlv344cfwGEA==",
      "license": "MIT"
    },
    "node_modules/vscode-oniguruma": {
      "version": "2.0.1",
      "resolved": "https://registry.npmjs.org/vscode-oniguruma/-/vscode-oniguruma-2.0.1.tgz",
      "integrity": "sha512-poJU8iHIWnC3vgphJnrLZyI3YdqRlR27xzqDmpPXYzA93R4Gk8z7T6oqDzDoHjoikA2aS82crdXFkjELCdJsjQ==",
      "license": "MIT"
    },
    "node_modules/vscode-textmate": {
      "version": "9.3.2",
      "resolved": "https://registry.npmjs.org/vscode-textmate/-/vscode-textmate-9.3.2.tgz",
      "integrity": "sha512-n2uGbUcrjhUEBH16uGA0TvUfhWwliFZ1e3+pTjrkim1Mt7ydB41lV08aUvsi70OlzDWp6X7Bx3w/x3fAXIsN0Q==",
      "license": "MIT"
    }
  }
}
